PODS:
  - Bugly (2.5.93)
  - ZIMKit_OC (0.1.7.5)

DEPENDENCIES:
  - Bugly
  - ZIMKit_OC (from `../..`)

SPEC REPOS:
  trunk:
    - Bugly

EXTERNAL SOURCES:
  ZIMKit_OC:
    :path: "../.."

SPEC CHECKSUMS:
  Bugly: b8715e6ec4004b7f7fbffab0643ba80545aee3da
  ZIMKit_OC: 9abd6a9755e79b0bb9ad1a0a2fc5e7e20f5dfc14

PODFILE CHECKSUM: 45b939c677310d0ac7c3c62867be3c4e0c08d122

COCOAPODS: 1.11.2
